
Microsoft Visual Studio Solution File, Format Version 12.00
# Visual Studio Version 16
VisualStudioVersion = 16.0.31729.503
MinimumVisualStudioVersion = 10.0.40219.1
Project("{FAE04EC0-301F-11D3-BF4B-00C04F79EFBC}") = "WebApplication1", "WebApplication1\WebApplication1.csproj", "{BE2975F0-2284-4845-A694-A02BCAC1AFAD}"
EndProject
Global
	GlobalSection(SolutionConfigurationPlatforms) = preSolution
		Debug|Any CPU = Debug|Any CPU
		Release|Any CPU = Release|Any CPU
	EndGlobalSection
	GlobalSection(ProjectConfigurationPlatforms) = postSolution
		{BE2975F0-2284-4845-A694-A02BCAC1AFAD}.Debug|Any CPU.ActiveCfg = Debug|Any CPU
		{BE2975F0-2284-4845-A694-A02BCAC1AFAD}.Debug|Any CPU.Build.0 = Debug|Any CPU
		{BE2975F0-2284-4845-A694-A02BCAC1AFAD}.Release|Any CPU.ActiveCfg = Release|Any CPU
		{BE2975F0-2284-4845-A694-A02BCAC1AFAD}.Release|Any CPU.Build.0 = Release|Any CPU
	EndGlobalSection
	GlobalSection(SolutionProperties) = preSolution
		HideSolutionNode = FALSE
	EndGlobalSection
	GlobalSection(ExtensibilityGlobals) = postSolution
		SolutionGuid = {4E002D03-CA62-4CD6-A0FD-E9466CB4170B}
	EndGlobalSection
EndGlobal
